
Microsoft Visual Studio Solution File, Format Version 12.00
# Visual Studio Version 17
VisualStudioVersion = 17.14.36429.23
MinimumVisualStudioVersion = 10.0.40219.1
Project("{2150E333-8FDC-42A3-9474-1A3956D46DE8}") = "src", "src", "{02EA681E-C7D8-13C7-8484-4AC65E1B71E8}"
EndProject
Project("{2150E333-8FDC-42A3-9474-1A3956D46DE8}") = "services", "services", "{B8E6287E-1861-4AD5-B079-28B769A12ECE}"
EndProject
Project("{2150E333-8FDC-42A3-9474-1A3956D46DE8}") = "catalog", "catalog", "{387C6017-1D0B-4D7F-B2B0-C1DE6754F794}"
EndProject
Project("{2150E333-8FDC-42A3-9474-1A3956D46DE8}") = "discount", "discount", "{2A1DEFC6-5199-49F9-AE3D-225A73D8C4B3}"
EndProject
Project("{FAE04EC0-301F-11D3-BF4B-00C04F79EFBC}") = "UdemyMicroservice.Catalog.Api", "src\services\catalog\UdemyMicroservice.Catalog.Api\UdemyMicroservice.Catalog.Api.csproj", "{956BDF3D-F8AF-49BD-8F2C-D2E7E7A4CBEE}"
EndProject
Project("{FAE04EC0-301F-11D3-BF4B-00C04F79EFBC}") = "UdemyMicroservice.Discount.Api", "src\services\discount\UdemyMicroservice.Discount.Api\UdemyMicroservice.Discount.Api.csproj", "{B1DBAF76-E0E9-484B-8ACB-3BF7A89DF9E7}"
EndProject
Project("{2150E333-8FDC-42A3-9474-1A3956D46DE8}") = "shared", "shared", "{60C50BD1-B765-4DDF-B103-F38FA35B28D4}"
EndProject
Project("{FAE04EC0-301F-11D3-BF4B-00C04F79EFBC}") = "UdemyMicroservice.Shared", "src\shared\UdemyMicroservice.Shared\UdemyMicroservice.Shared.csproj", "{E70FF608-0BCA-48F3-BBA9-EDF6A556FE4A}"
EndProject
Project("{E53339B2-1760-4266-BCC7-CA923CBCF16C}") = "docker-compose", "docker-compose.dcproj", "{81DDED9D-158B-E303-5F62-77A2896D2A5A}"
EndProject
Project("{2150E333-8FDC-42A3-9474-1A3956D46DE8}") = "basket", "basket", "{41C9BB44-F762-4E7A-87FE-2CB830947FEB}"
EndProject
Project("{FAE04EC0-301F-11D3-BF4B-00C04F79EFBC}") = "UdemyMicroservice.Basket.Api", "src\services\basket\UdemyMicroservice.Basket.Api\UdemyMicroservice.Basket.Api.csproj", "{FC41FC55-6E32-40E7-8EAE-86C22D39E940}"
EndProject
Project("{2150E333-8FDC-42A3-9474-1A3956D46DE8}") = "file", "file", "{0B721055-57B9-440C-9D5F-9F2D9194CB6B}"
EndProject
Project("{FAE04EC0-301F-11D3-BF4B-00C04F79EFBC}") = "UdemyMicroservice.File.Api", "src\services\file\UdemyMicroservice.File.Api\UdemyMicroservice.File.Api.csproj", "{BAE7ACDE-677F-49C6-876B-134016C603BF}"
EndProject
Project("{2150E333-8FDC-42A3-9474-1A3956D46DE8}") = "order", "order", "{5F0B59A3-3329-4727-859E-6D477AD2D112}"
EndProject
Project("{FAE04EC0-301F-11D3-BF4B-00C04F79EFBC}") = "UdemyMicroservice.Order.Api", "src\services\order\api\UdemyMicroservice.Order.Api\UdemyMicroservice.Order.Api.csproj", "{3CCF12FF-7E37-48B2-B210-87394ABBC679}"
EndProject
Project("{2150E333-8FDC-42A3-9474-1A3956D46DE8}") = "api", "api", "{1B7C60A3-A2AE-4790-AED4-72ABB2B3AF7A}"
EndProject
Project("{2150E333-8FDC-42A3-9474-1A3956D46DE8}") = "core", "core", "{5515CE5B-3F27-4F61-B7AB-D5EFBB9A62DA}"
EndProject
Project("{FAE04EC0-301F-11D3-BF4B-00C04F79EFBC}") = "UdemyMicroservice.Order.Application", "src\services\order\core\UdemyMicroservice.Order.Application\UdemyMicroservice.Order.Application.csproj", "{41B31F71-CFAB-4FBB-A9FC-CC9F116E3C60}"
EndProject
Project("{FAE04EC0-301F-11D3-BF4B-00C04F79EFBC}") = "UdemyMicroservice.Order.Domain", "src\services\order\core\UdemyMicroservice.Order.Domain\UdemyMicroservice.Order.Domain.csproj", "{0FA5DC66-CEF2-42E3-A22D-5530BE38D8A4}"
EndProject
Project("{2150E333-8FDC-42A3-9474-1A3956D46DE8}") = "infrastructure", "infrastructure", "{C1869589-EF15-40B1-9457-33DC71175F5E}"
EndProject
Project("{FAE04EC0-301F-11D3-BF4B-00C04F79EFBC}") = "UdemyMicroservice.Order.Persistance", "src\services\order\infrastructure\UdemyMicroservice.Order.Persistance\UdemyMicroservice.Order.Persistance.csproj", "{365CF6FA-5FE2-4210-BCFC-99A5DA4E4B98}"
EndProject
Project("{2150E333-8FDC-42A3-9474-1A3956D46DE8}") = "payment", "payment", "{6CE7150F-604E-4D58-AEA8-8EC8008186F7}"
EndProject
Project("{FAE04EC0-301F-11D3-BF4B-00C04F79EFBC}") = "UdemyMicroservice.Payment.Api", "src\services\payment\UdemyMicroservice.Payment.Api\UdemyMicroservice.Payment.Api.csproj", "{33714674-20F4-450E-AF35-CE71CA2F5C70}"
EndProject
Project("{2150E333-8FDC-42A3-9474-1A3956D46DE8}") = "gateway", "gateway", "{D155F701-1BB7-4C54-AC0F-F32CA7B22362}"
EndProject
Project("{FAE04EC0-301F-11D3-BF4B-00C04F79EFBC}") = "UdemyMicroservice.Gateway", "src\services\gateway\UdemyMicroservice.Gateway\UdemyMicroservice.Gateway.csproj", "{BA955D4D-6350-4BE0-9501-E3B13027FA3D}"
EndProject
Global
	GlobalSection(SolutionConfigurationPlatforms) = preSolution
		Debug|Any CPU = Debug|Any CPU
		Release|Any CPU = Release|Any CPU
	EndGlobalSection
	GlobalSection(ProjectConfigurationPlatforms) = postSolution
		{956BDF3D-F8AF-49BD-8F2C-D2E7E7A4CBEE}.Debug|Any CPU.ActiveCfg = Debug|Any CPU
		{956BDF3D-F8AF-49BD-8F2C-D2E7E7A4CBEE}.Debug|Any CPU.Build.0 = Debug|Any CPU
		{956BDF3D-F8AF-49BD-8F2C-D2E7E7A4CBEE}.Release|Any CPU.ActiveCfg = Release|Any CPU
		{956BDF3D-F8AF-49BD-8F2C-D2E7E7A4CBEE}.Release|Any CPU.Build.0 = Release|Any CPU
		{B1DBAF76-E0E9-484B-8ACB-3BF7A89DF9E7}.Debug|Any CPU.ActiveCfg = Debug|Any CPU
		{B1DBAF76-E0E9-484B-8ACB-3BF7A89DF9E7}.Debug|Any CPU.Build.0 = Debug|Any CPU
		{B1DBAF76-E0E9-484B-8ACB-3BF7A89DF9E7}.Release|Any CPU.ActiveCfg = Release|Any CPU
		{B1DBAF76-E0E9-484B-8ACB-3BF7A89DF9E7}.Release|Any CPU.Build.0 = Release|Any CPU
		{E70FF608-0BCA-48F3-BBA9-EDF6A556FE4A}.Debug|Any CPU.ActiveCfg = Debug|Any CPU
		{E70FF608-0BCA-48F3-BBA9-EDF6A556FE4A}.Debug|Any CPU.Build.0 = Debug|Any CPU
		{E70FF608-0BCA-48F3-BBA9-EDF6A556FE4A}.Release|Any CPU.ActiveCfg = Release|Any CPU
		{E70FF608-0BCA-48F3-BBA9-EDF6A556FE4A}.Release|Any CPU.Build.0 = Release|Any CPU
		{81DDED9D-158B-E303-5F62-77A2896D2A5A}.Debug|Any CPU.ActiveCfg = Debug|Any CPU
		{81DDED9D-158B-E303-5F62-77A2896D2A5A}.Debug|Any CPU.Build.0 = Debug|Any CPU
		{81DDED9D-158B-E303-5F62-77A2896D2A5A}.Release|Any CPU.ActiveCfg = Release|Any CPU
		{81DDED9D-158B-E303-5F62-77A2896D2A5A}.Release|Any CPU.Build.0 = Release|Any CPU
		{FC41FC55-6E32-40E7-8EAE-86C22D39E940}.Debug|Any CPU.ActiveCfg = Debug|Any CPU
		{FC41FC55-6E32-40E7-8EAE-86C22D39E940}.Debug|Any CPU.Build.0 = Debug|Any CPU
		{FC41FC55-6E32-40E7-8EAE-86C22D39E940}.Release|Any CPU.ActiveCfg = Release|Any CPU
		{FC41FC55-6E32-40E7-8EAE-86C22D39E940}.Release|Any CPU.Build.0 = Release|Any CPU
		{BAE7ACDE-677F-49C6-876B-134016C603BF}.Debug|Any CPU.ActiveCfg = Debug|Any CPU
		{BAE7ACDE-677F-49C6-876B-134016C603BF}.Debug|Any CPU.Build.0 = Debug|Any CPU
		{BAE7ACDE-677F-49C6-876B-134016C603BF}.Release|Any CPU.ActiveCfg = Release|Any CPU
		{BAE7ACDE-677F-49C6-876B-134016C603BF}.Release|Any CPU.Build.0 = Release|Any CPU
		{3CCF12FF-7E37-48B2-B210-87394ABBC679}.Debug|Any CPU.ActiveCfg = Debug|Any CPU
		{3CCF12FF-7E37-48B2-B210-87394ABBC679}.Debug|Any CPU.Build.0 = Debug|Any CPU
		{3CCF12FF-7E37-48B2-B210-87394ABBC679}.Release|Any CPU.ActiveCfg = Release|Any CPU
		{3CCF12FF-7E37-48B2-B210-87394ABBC679}.Release|Any CPU.Build.0 = Release|Any CPU
		{41B31F71-CFAB-4FBB-A9FC-CC9F116E3C60}.Debug|Any CPU.ActiveCfg = Debug|Any CPU
		{41B31F71-CFAB-4FBB-A9FC-CC9F116E3C60}.Debug|Any CPU.Build.0 = Debug|Any CPU
		{41B31F71-CFAB-4FBB-A9FC-CC9F116E3C60}.Release|Any CPU.ActiveCfg = Release|Any CPU
		{41B31F71-CFAB-4FBB-A9FC-CC9F116E3C60}.Release|Any CPU.Build.0 = Release|Any CPU
		{0FA5DC66-CEF2-42E3-A22D-5530BE38D8A4}.Debug|Any CPU.ActiveCfg = Debug|Any CPU
		{0FA5DC66-CEF2-42E3-A22D-5530BE38D8A4}.Debug|Any CPU.Build.0 = Debug|Any CPU
		{0FA5DC66-CEF2-42E3-A22D-5530BE38D8A4}.Release|Any CPU.ActiveCfg = Release|Any CPU
		{0FA5DC66-CEF2-42E3-A22D-5530BE38D8A4}.Release|Any CPU.Build.0 = Release|Any CPU
		{365CF6FA-5FE2-4210-BCFC-99A5DA4E4B98}.Debug|Any CPU.ActiveCfg = Debug|Any CPU
		{365CF6FA-5FE2-4210-BCFC-99A5DA4E4B98}.Debug|Any CPU.Build.0 = Debug|Any CPU
		{365CF6FA-5FE2-4210-BCFC-99A5DA4E4B98}.Release|Any CPU.ActiveCfg = Release|Any CPU
		{365CF6FA-5FE2-4210-BCFC-99A5DA4E4B98}.Release|Any CPU.Build.0 = Release|Any CPU
		{33714674-20F4-450E-AF35-CE71CA2F5C70}.Debug|Any CPU.ActiveCfg = Debug|Any CPU
		{33714674-20F4-450E-AF35-CE71CA2F5C70}.Debug|Any CPU.Build.0 = Debug|Any CPU
		{33714674-20F4-450E-AF35-CE71CA2F5C70}.Release|Any CPU.ActiveCfg = Release|Any CPU
		{33714674-20F4-450E-AF35-CE71CA2F5C70}.Release|Any CPU.Build.0 = Release|Any CPU
		{BA955D4D-6350-4BE0-9501-E3B13027FA3D}.Debug|Any CPU.ActiveCfg = Debug|Any CPU
		{BA955D4D-6350-4BE0-9501-E3B13027FA3D}.Debug|Any CPU.Build.0 = Debug|Any CPU
		{BA955D4D-6350-4BE0-9501-E3B13027FA3D}.Release|Any CPU.ActiveCfg = Release|Any CPU
		{BA955D4D-6350-4BE0-9501-E3B13027FA3D}.Release|Any CPU.Build.0 = Release|Any CPU
	EndGlobalSection
	GlobalSection(SolutionProperties) = preSolution
		HideSolutionNode = FALSE
	EndGlobalSection
	GlobalSection(NestedProjects) = preSolution
		{B8E6287E-1861-4AD5-B079-28B769A12ECE} = {02EA681E-C7D8-13C7-8484-4AC65E1B71E8}
		{387C6017-1D0B-4D7F-B2B0-C1DE6754F794} = {B8E6287E-1861-4AD5-B079-28B769A12ECE}
		{2A1DEFC6-5199-49F9-AE3D-225A73D8C4B3} = {B8E6287E-1861-4AD5-B079-28B769A12ECE}
		{956BDF3D-F8AF-49BD-8F2C-D2E7E7A4CBEE} = {387C6017-1D0B-4D7F-B2B0-C1DE6754F794}
		{B1DBAF76-E0E9-484B-8ACB-3BF7A89DF9E7} = {2A1DEFC6-5199-49F9-AE3D-225A73D8C4B3}
		{60C50BD1-B765-4DDF-B103-F38FA35B28D4} = {02EA681E-C7D8-13C7-8484-4AC65E1B71E8}
		{E70FF608-0BCA-48F3-BBA9-EDF6A556FE4A} = {60C50BD1-B765-4DDF-B103-F38FA35B28D4}
		{41C9BB44-F762-4E7A-87FE-2CB830947FEB} = {B8E6287E-1861-4AD5-B079-28B769A12ECE}
		{FC41FC55-6E32-40E7-8EAE-86C22D39E940} = {41C9BB44-F762-4E7A-87FE-2CB830947FEB}
		{0B721055-57B9-440C-9D5F-9F2D9194CB6B} = {B8E6287E-1861-4AD5-B079-28B769A12ECE}
		{BAE7ACDE-677F-49C6-876B-134016C603BF} = {0B721055-57B9-440C-9D5F-9F2D9194CB6B}
		{5F0B59A3-3329-4727-859E-6D477AD2D112} = {B8E6287E-1861-4AD5-B079-28B769A12ECE}
		{3CCF12FF-7E37-48B2-B210-87394ABBC679} = {1B7C60A3-A2AE-4790-AED4-72ABB2B3AF7A}
		{1B7C60A3-A2AE-4790-AED4-72ABB2B3AF7A} = {5F0B59A3-3329-4727-859E-6D477AD2D112}
		{5515CE5B-3F27-4F61-B7AB-D5EFBB9A62DA} = {5F0B59A3-3329-4727-859E-6D477AD2D112}
		{41B31F71-CFAB-4FBB-A9FC-CC9F116E3C60} = {5515CE5B-3F27-4F61-B7AB-D5EFBB9A62DA}
		{0FA5DC66-CEF2-42E3-A22D-5530BE38D8A4} = {5515CE5B-3F27-4F61-B7AB-D5EFBB9A62DA}
		{C1869589-EF15-40B1-9457-33DC71175F5E} = {5F0B59A3-3329-4727-859E-6D477AD2D112}
		{365CF6FA-5FE2-4210-BCFC-99A5DA4E4B98} = {C1869589-EF15-40B1-9457-33DC71175F5E}
		{6CE7150F-604E-4D58-AEA8-8EC8008186F7} = {B8E6287E-1861-4AD5-B079-28B769A12ECE}
		{33714674-20F4-450E-AF35-CE71CA2F5C70} = {6CE7150F-604E-4D58-AEA8-8EC8008186F7}
		{D155F701-1BB7-4C54-AC0F-F32CA7B22362} = {B8E6287E-1861-4AD5-B079-28B769A12ECE}
		{BA955D4D-6350-4BE0-9501-E3B13027FA3D} = {D155F701-1BB7-4C54-AC0F-F32CA7B22362}
	EndGlobalSection
	GlobalSection(ExtensibilityGlobals) = postSolution
		SolutionGuid = {65AF5A6D-7C81-4B14-B509-B69F02FE988E}
	EndGlobalSection
EndGlobal
